
Microsoft Visual Studio Solution File, Format Version 12.00
# Visual Studio Version 17
VisualStudioVersion = 17.13.35931.197
MinimumVisualStudioVersion = 10.0.40219.1
Project("{FAE04EC0-301F-11D3-BF4B-00C04F79EFBC}") = "AetherDraw", "AetherDraw.csproj", "{4EEDCBDC-C508-BC0E-04F6-806423B655A6}"
EndProject
Global
	GlobalSection(SolutionConfigurationPlatforms) = preSolution
		Debug|x64 = Debug|x64
		Release|x64 = Release|x64
	EndGlobalSection
	GlobalSection(ProjectConfigurationPlatforms) = postSolution
		{4EEDCBDC-C508-BC0E-04F6-806423B655A6}.Debug|x64.ActiveCfg = Debug|x64
		{4EEDCBDC-C508-BC0E-04F6-806423B655A6}.Debug|x64.Build.0 = Debug|x64
		{4EEDCBDC-C508-BC0E-04F6-806423B655A6}.Release|x64.ActiveCfg = Release|x64
		{4EEDCBDC-C508-BC0E-04F6-806423B655A6}.Release|x64.Build.0 = Release|x64
	EndGlobalSection
	GlobalSection(SolutionProperties) = preSolution
		HideSolutionNode = FALSE
	EndGlobalSection
	GlobalSection(ExtensibilityGlobals) = postSolution
		SolutionGuid = {FA05FFB3-D72F-4BA6-8A76-D9B8503156E4}
	EndGlobalSection
EndGlobal
