{
  "version": 1,
  "dependencies": {
    "net9.0-windows7.0": {
      "DalamudPackager": {
        "type": "Direct",
        "requested": "[12.0.0, )",
        "resolved": "12.0.0",
        "contentHash": "J5TJLV3f16T/E2H2P17ClWjtfEBPpq3yxvqW46eN36JCm6wR+EaoaYkqG9Rm5sHqs3/nK/vKjWWyvEs/jhKoXw=="
      },
      "DotNet.ReproducibleBuilds": {
        "type": "Direct",
        "requested": "[1.2.25, )",
        "resolved": "1.2.25",
        "contentHash": "xCXiw7BCxHJ8pF6wPepRUddlh2dlQlbr81gXA72hdk4FLHkKXas7EH/n+fk5UCA/YfMqG1Z6XaPiUjDbUNBUzg=="
      },
      "SixLabors.ImageSharp": {
        "type": "Direct",
        "requested": "[3.1.8, )",
        "resolved": "3.1.8",
        "contentHash": "8eJkROLGh6DBQLR666q2aOpAaean2puZaZ6Ur9YxoyGzjaZhv8OJSxtnDou54+OXMkXtLUdyQC0so47sOsqZjg=="
      },
      "SixLabors.ImageSharp.Web": {
        "type": "Direct",
        "requested": "[3.1.5, )",
        "resolved": "3.1.5",
        "contentHash": "xC0gpnV14tY1fXtmhOoyhqf0XSy9g48wLzRS89SRgOHkO8enLJDjATv4ghklSsjMtRZuseYHkYXGty80Jp2Eow==",
        "dependencies": {
          "Microsoft.IO.RecyclableMemoryStream": "3.0.1",
          "SixLabors.ImageSharp": "3.1.8"
        }
      },
      "Svg.Skia": {
        "type": "Direct",
        "requested": "[3.0.2, )",
        "resolved": "3.0.2",
        "contentHash": "6Bmo5q3sg5OvQ1QPuRT9+I3/2SI76qFbptmYqdC2G/cnhUP7Wucg9s6RtcC9nGTNsEyZ+GK7cz0zPw0HepB6UA==",
        "dependencies": {
          "SkiaSharp": "3.116.1",
          "SkiaSharp.HarfBuzz": "3.116.1",
          "Svg.Custom": "3.0.2",
          "Svg.Model": "3.0.2"
        }
      },
      "ExCSS": {
        "type": "Transitive",
        "resolved": "4.3.0",
        "contentHash": "LyVZ925Cl6Z4TJrbogt3+DkvanYWZcJs0tzKg8lWHAY9PgniVMluNy+l5vXDMmvt5gBgekULasEnUqVAavPuZw=="
      },
      "HarfBuzzSharp": {
        "type": "Transitive",
        "resolved": "8.3.0.1",
        "contentHash": "rwLpl+W6uqu0DuvzqNhTMuFcXfy1Vc0uq0YXgPEmtTSfeUSAye1FcARrm2YIPOSiCBwBOGu3cLvMX5Fp6OKe2g==",
        "dependencies": {
          "HarfBuzzSharp.NativeAssets.Win32": "8.3.0.1",
          "HarfBuzzSharp.NativeAssets.macOS": "8.3.0.1"
        }
      },
      "HarfBuzzSharp.NativeAssets.macOS": {
        "type": "Transitive",
        "resolved": "8.3.0.1",
        "contentHash": "2o6U05LAmK+rwX7TvmJ2X0anXJG2hSE7kHVmCshhHy0tKfByJ5ykBacvhmmooHchlOwq15KBZeROGafCT8nN+g=="
      },
      "HarfBuzzSharp.NativeAssets.Win32": {
        "type": "Transitive",
        "resolved": "8.3.0.1",
        "contentHash": "ow0DtGEUjo65qhiI22of7qiVbN1xDFsZ5P5xJljRmGZ5WSxNy+1batLNJFGxahqhB1MTHYV8kAXf0GqC8WaevQ=="
      },
      "Microsoft.IO.RecyclableMemoryStream": {
        "type": "Transitive",
        "resolved": "3.0.1",
        "contentHash": "s/s20YTVY9r9TPfTrN5g8zPF1YhwxyqO6PxUkrYTGI2B+OGPe9AdajWZrLhFqXIvqIW23fnUE4+ztrUWNU1+9g=="
      },
      "ShimSkiaSharp": {
        "type": "Transitive",
        "resolved": "3.0.2",
        "contentHash": "VRLaZRQ7llIgQXf6H6Bjpt47RG/9UQvWZdJz97ReFlb4PHwjoId6HkoO84ETyqS/8J2GNT2fDnzmdVBMr5YXOg=="
      },
      "SkiaSharp": {
        "type": "Transitive",
        "resolved": "3.116.1",
        "contentHash": "DNDwbRjP+aMo27dV2h/uHCVTcWubWWxHnPLiePNyl24f4Pv43mQ8AQQeseOrKR+J3AOCEs6t0sUjo0aa3j3RWQ==",
        "dependencies": {
          "SkiaSharp.NativeAssets.Win32": "3.116.1",
          "SkiaSharp.NativeAssets.macOS": "3.116.1"
        }
      },
      "SkiaSharp.HarfBuzz": {
        "type": "Transitive",
        "resolved": "3.116.1",
        "contentHash": "ibDG1+quN86vBd9ztjDAC9wnvS1nRZ6ydTUOSod4NsRHWdLLGzWYn1IOF4Cg9iJh5cQHdpzhUZBQE0JMKznrow==",
        "dependencies": {
          "HarfBuzzSharp": "8.3.0.1",
          "SkiaSharp": "3.116.1"
        }
      },
      "SkiaSharp.NativeAssets.macOS": {
        "type": "Transitive",
        "resolved": "3.116.1",
        "contentHash": "3KPvpKysDmEMt0NnAZPX5U6KFk0LmG/72/IjAIJemIksIZ0Tjs9pGpr3L+zboVCv1MLVoJLKl3nJDXUG6Jda6A=="
      },
      "SkiaSharp.NativeAssets.Win32": {
        "type": "Transitive",
        "resolved": "3.116.1",
        "contentHash": "dRQ75MCI8oz6zAs2Y1w6pq6ARs4MhdNG+gf3doOxOxdnueDXffQLGQIxON54GDoxc0WjKOoHMKBR4DhaduwwQw=="
      },
      "Svg.Custom": {
        "type": "Transitive",
        "resolved": "3.0.2",
        "contentHash": "I5QtMsOPdZpR2YsKc3WcLsW2S1YptyGr0MqyXTD4gotZIQtGinY8ZICMrNRTtJBRWeVn352Xdf7lYUtQQABodg==",
        "dependencies": {
          "ExCSS": "4.3.0"
        }
      },
      "Svg.Model": {
        "type": "Transitive",
        "resolved": "3.0.2",
        "contentHash": "a/EfBT3WGPgEnKybHl2B6pqKkxL64I25k+ozY+zF7YvQp/0v0vqR/KVGacpcv8hFGMINXIGDccxR8boqXJj5Zw==",
        "dependencies": {
          "ShimSkiaSharp": "3.0.2",
          "Svg.Custom": "3.0.2"
        }
      }
    }
  }
}